PODS:
  - KKFlutterInspectorKit (0.1.0)

DEPENDENCIES:
  - KKFlutterInspectorKit (from `../`)

EXTERNAL SOURCES:
  KKFlutterInspectorKit:
    :path: "../"

SPEC CHECKSUMS:
  KKFlutterInspectorKit: ca8b9d0228f3865c66f94a45e50fcca3ba635946

PODFILE CHECKSUM: 1ae6a471f142695515dcb4a7176b359ebacaebad

COCOAPODS: 1.16.2
